Microsoft Visual Studio Solution File, Format Version 12.00
# Visual Studio Version 17
VisualStudioVersion = 17.5.2.0
MinimumVisualStudioVersion = 10.0.40219.1
Project("{2150E333-8FDC-42A3-9474-1A3956D46DE8}") = "awesome-copilot", "awesome-copilot", "{927A6440-E869-91C5-D3AC-84F225B98835}"
EndProject
Project("{2150E333-8FDC-42A3-9474-1A3956D46DE8}") = "CopilotKit", "CopilotKit", "{218FA7CE-9FCB-E43F-1F84-74EA2B4A9862}"
EndProject
Project("{2150E333-8FDC-42A3-9474-1A3956D46DE8}") = "skills", "skills", "{CC6049F9-5371-8A9B-1532-26FFEA34B8CD}"
EndProject
Project("{2150E333-8FDC-42A3-9474-1A3956D46DE8}") = "winmd-api-search", "winmd-api-search", "{93E6C049-FE9D-10C9-719D-72F8B50BEF13}"
EndProject
Project("{2150E333-8FDC-42A3-9474-1A3956D46DE8}") = "scripts", "scripts", "{7B34C3CB-E8A4-D503-B68A-D355D82A7288}"
EndProject
Project("{2150E333-8FDC-42A3-9474-1A3956D46DE8}") = "cache-generator", "cache-generator", "{B597FB01-1813-6D3B-013E-564BCE45387D}"
EndProject
Project("{FAE04EC0-301F-11D3-BF4B-00C04F79EFBC}") = "CacheGenerator", "awesome-copilot\skills\winmd-api-search\scripts\cache-generator\CacheGenerator.csproj", "{D5010E00-5AF5-D0C4-1474-A385339596F9}"
EndProject
Project("{2150E333-8FDC-42A3-9474-1A3956D46DE8}") = "examples", "examples", "{BA329E28-8196-D143-04E3-3D8A2339BB89}"
EndProject
Project("{2150E333-8FDC-42A3-9474-1A3956D46DE8}") = "integrations", "integrations", "{2674BB0C-1AB2-AC0A-177D-2EDB45E72601}"
EndProject
Project("{2150E333-8FDC-42A3-9474-1A3956D46DE8}") = "ms-agent-framework-dotnet", "ms-agent-framework-dotnet", "{3B6C4E94-CD79-7A9B-6920-67CE09C85798}"
EndProject
Project("{2150E333-8FDC-42A3-9474-1A3956D46DE8}") = "agent", "agent", "{F7F4F71E-CCC0-3DEB-69F9-5404C868B252}"
EndProject
Project("{FAE04EC0-301F-11D3-BF4B-00C04F79EFBC}") = "ProverbsAgent", "CopilotKit\examples\integrations\ms-agent-framework-dotnet\agent\ProverbsAgent.csproj", "{4B9F48C2-C680-500C-CFF8-37A43368704E}"
EndProject
Project("{2150E333-8FDC-42A3-9474-1A3956D46DE8}") = "showcases", "showcases", "{167742DC-897B-86EA-6591-18737A284C7A}"
EndProject
Project("{2150E333-8FDC-42A3-9474-1A3956D46DE8}") = "microsoft-kanban", "microsoft-kanban", "{F4A03C25-5B88-2077-C7BA-6B0EB1451D78}"
EndProject
Project("{2150E333-8FDC-42A3-9474-1A3956D46DE8}") = "agent", "agent", "{876BDC6B-999E-79FA-9B68-9A0FB586A4DB}"
EndProject
Project("{FAE04EC0-301F-11D3-BF4B-00C04F79EFBC}") = "ProverbsAgent", "CopilotKit\examples\showcases\microsoft-kanban\agent\ProverbsAgent.csproj", "{A3D38204-18FA-A262-638F-6A2BBDDE5D06}"
EndProject
Global
	GlobalSection(SolutionConfigurationPlatforms) = preSolution
		Debug|Any CPU = Debug|Any CPU
		Release|Any CPU = Release|Any CPU
	EndGlobalSection
	GlobalSection(ProjectConfigurationPlatforms) = postSolution
		{D5010E00-5AF5-D0C4-1474-A385339596F9}.Debug|Any CPU.ActiveCfg = Debug|Any CPU
		{D5010E00-5AF5-D0C4-1474-A385339596F9}.Debug|Any CPU.Build.0 = Debug|Any CPU
		{D5010E00-5AF5-D0C4-1474-A385339596F9}.Release|Any CPU.ActiveCfg = Release|Any CPU
		{D5010E00-5AF5-D0C4-1474-A385339596F9}.Release|Any CPU.Build.0 = Release|Any CPU
		{4B9F48C2-C680-500C-CFF8-37A43368704E}.Debug|Any CPU.ActiveCfg = Debug|Any CPU
		{4B9F48C2-C680-500C-CFF8-37A43368704E}.Debug|Any CPU.Build.0 = Debug|Any CPU
		{4B9F48C2-C680-500C-CFF8-37A43368704E}.Release|Any CPU.ActiveCfg = Release|Any CPU
		{4B9F48C2-C680-500C-CFF8-37A43368704E}.Release|Any CPU.Build.0 = Release|Any CPU
		{A3D38204-18FA-A262-638F-6A2BBDDE5D06}.Debug|Any CPU.ActiveCfg = Debug|Any CPU
		{A3D38204-18FA-A262-638F-6A2BBDDE5D06}.Debug|Any CPU.Build.0 = Debug|Any CPU
		{A3D38204-18FA-A262-638F-6A2BBDDE5D06}.Release|Any CPU.ActiveCfg = Release|Any CPU
		{A3D38204-18FA-A262-638F-6A2BBDDE5D06}.Release|Any CPU.Build.0 = Release|Any CPU
	EndGlobalSection
	GlobalSection(SolutionProperties) = preSolution
		HideSolutionNode = FALSE
	EndGlobalSection
	GlobalSection(NestedProjects) = preSolution
		{CC6049F9-5371-8A9B-1532-26FFEA34B8CD} = {927A6440-E869-91C5-D3AC-84F225B98835}
		{93E6C049-FE9D-10C9-719D-72F8B50BEF13} = {CC6049F9-5371-8A9B-1532-26FFEA34B8CD}
		{7B34C3CB-E8A4-D503-B68A-D355D82A7288} = {93E6C049-FE9D-10C9-719D-72F8B50BEF13}
		{B597FB01-1813-6D3B-013E-564BCE45387D} = {7B34C3CB-E8A4-D503-B68A-D355D82A7288}
		{D5010E00-5AF5-D0C4-1474-A385339596F9} = {B597FB01-1813-6D3B-013E-564BCE45387D}
		{BA329E28-8196-D143-04E3-3D8A2339BB89} = {218FA7CE-9FCB-E43F-1F84-74EA2B4A9862}
		{2674BB0C-1AB2-AC0A-177D-2EDB45E72601} = {BA329E28-8196-D143-04E3-3D8A2339BB89}
		{3B6C4E94-CD79-7A9B-6920-67CE09C85798} = {2674BB0C-1AB2-AC0A-177D-2EDB45E72601}
		{F7F4F71E-CCC0-3DEB-69F9-5404C868B252} = {3B6C4E94-CD79-7A9B-6920-67CE09C85798}
		{4B9F48C2-C680-500C-CFF8-37A43368704E} = {F7F4F71E-CCC0-3DEB-69F9-5404C868B252}
		{167742DC-897B-86EA-6591-18737A284C7A} = {BA329E28-8196-D143-04E3-3D8A2339BB89}
		{F4A03C25-5B88-2077-C7BA-6B0EB1451D78} = {167742DC-897B-86EA-6591-18737A284C7A}
		{876BDC6B-999E-79FA-9B68-9A0FB586A4DB} = {F4A03C25-5B88-2077-C7BA-6B0EB1451D78}
		{A3D38204-18FA-A262-638F-6A2BBDDE5D06} = {876BDC6B-999E-79FA-9B68-9A0FB586A4DB}
	EndGlobalSection
	GlobalSection(ExtensibilityGlobals) = postSolution
		SolutionGuid = {56B378B4-4A3A-45CD-A30F-A282DC061775}
	EndGlobalSection
EndGlobal
